
Microsoft Visual Studio Solution File, Format Version 12.00
# Visual Studio Version 17
VisualStudioVersion = 17.8.34322.80
MinimumVisualStudioVersion = 10.0.40219.1
Project("{9A19103F-16F7-4668-BE54-9A1E7A4F7556}") = "WebApplication13", "WebApplication13\WebApplication13.csproj", "{C3DCF2B7-B3E9-4F82-A2D9-BB873F4D4894}"
EndProject
Project("{9A19103F-16F7-4668-BE54-9A1E7A4F7556}") = "LogsConsole", "LogsConsole\LogsConsole.csproj", "{8280D7DE-6D99-42BB-A203-CA7976CE8265}"
	ProjectSection(ProjectDependencies) = postProject
		{C3DCF2B7-B3E9-4F82-A2D9-BB873F4D4894} = {C3DCF2B7-B3E9-4F82-A2D9-BB873F4D4894}
	EndProjectSection
EndProject
Global
	GlobalSection(SolutionConfigurationPlatforms) = preSolution
		Debug|Any CPU = Debug|Any CPU
		Release|Any CPU = Release|Any CPU
	EndGlobalSection
	GlobalSection(ProjectConfigurationPlatforms) = postSolution
		{C3DCF2B7-B3E9-4F82-A2D9-BB873F4D4894}.Debug|Any CPU.ActiveCfg = Debug|Any CPU
		{C3DCF2B7-B3E9-4F82-A2D9-BB873F4D4894}.Debug|Any CPU.Build.0 = Debug|Any CPU
		{C3DCF2B7-B3E9-4F82-A2D9-BB873F4D4894}.Release|Any CPU.ActiveCfg = Release|Any CPU
		{C3DCF2B7-B3E9-4F82-A2D9-BB873F4D4894}.Release|Any CPU.Build.0 = Release|Any CPU
		{8280D7DE-6D99-42BB-A203-CA7976CE8265}.Debug|Any CPU.ActiveCfg = Debug|Any CPU
		{8280D7DE-6D99-42BB-A203-CA7976CE8265}.Debug|Any CPU.Build.0 = Debug|Any CPU
		{8280D7DE-6D99-42BB-A203-CA7976CE8265}.Release|Any CPU.ActiveCfg = Release|Any CPU
		{8280D7DE-6D99-42BB-A203-CA7976CE8265}.Release|Any CPU.Build.0 = Release|Any CPU
	EndGlobalSection
	GlobalSection(SolutionProperties) = preSolution
		HideSolutionNode = FALSE
	EndGlobalSection
	GlobalSection(ExtensibilityGlobals) = postSolution
		SolutionGuid = {D1A9E4B7-248A-4FF0-9E70-EF2789E07AC5}
	EndGlobalSection
EndGlobal
